// !$*UTF8*$!
{
	archiveVersion = 1;
	classes = {
	};
	objectVersion = 56;
	objects = {

/* Begin PBXBuildFile section */
		DCCE671E2BBD8F620045C0F4 /* AppDelegate.swift in Sources */ = {isa = PBXBuildFile; fileRef = DCCE671D2BBD8F620045C0F4 /* AppDelegate.swift */; };
		DCCE67202BBD8F620045C0F4 /* SceneDelegate.swift in Sources */ = {isa = PBXBuildFile; fileRef = DCCE671F2BBD8F620045C0F4 /* SceneDelegate.swift */; };
		DCCE67222BBD8F620045C0F4 /* ViewController.swift in Sources */ = {isa = PBXBuildFile; fileRef = DCCE67212BBD8F620045C0F4 /* ViewController.swift */; };
		DCCE67252BBD8F620045C0F4 /* Main.storyboard in Resources */ = {isa = PBXBuildFile; fileRef = DCCE67232BBD8F620045C0F4 /* Main.storyboard */; };
		DCCE67272BBD8F630045C0F4 /* Assets.xcassets in Resources */ = {isa = PBXBuildFile; fileRef = DCCE67262BBD8F630045C0F4 /* Assets.xcassets */; };
		DCCE672A2BBD8F630045C0F4 /* LaunchScreen.storyboard in Resources */ = {isa = PBXBuildFile; fileRef = DCCE67282BBD8F630045C0F4 /* LaunchScreen.storyboard */; };
		DCCE67352BBD8F9C0045C0F4 /* Story.swift in Sources */ = {isa = PBXBuildFile; fileRef = DCCE67342BBD8F9C0045C0F4 /* Story.swift */; };
		DCCE67372BBD90D10045C0F4 /* StoryLibrary.swift in Sources */ = {isa = PBXBuildFile; fileRef = DCCE67362BBD90D10045C0F4 /* StoryLibrary.swift */; };
/* End PBXBuildFile section */

/* Begin PBXFileReference section */
		DCCE671A2BBD8F620045C0F4 /* Life Line.app */ = {isa = PBXFileReference; explicitFileType = wrapper.application; includeInIndex = 0; path = "Life Line.app"; sourceTree = BUILT_PRODUCTS_DIR; };
		DCCE671D2BBD8F620045C0F4 /* AppDelegate.swift */ = {isa = PBXFileReference; lastKnownFileType = sourcecode.swift; path = AppDelegate.swift; sourceTree = "<group>"; };
		DCCE671F2BBD8F620045C0F4 /* SceneDelegate.swift */ = {isa = PBXFileReference; lastKnownFileType = sourcecode.swift; path = SceneDelegate.swift; sourceTree = "<group>"; };
		DCCE67212BBD8F620045C0F4 /* ViewController.swift */ = {isa = PBXFileReference; lastKnownFileType = sourcecode.swift; path = ViewController.swift; sourceTree = "<group>"; };
		DCCE67242BBD8F620045C0F4 /* Base */ = {isa = PBXFileReference; lastKnownFileType = file.storyboard; name = Base; path = Base.lproj/Main.storyboard; sourceTree = "<group>"; };
		DCCE67262BBD8F630045C0F4 /* Assets.xcassets */ = {isa = PBXFileReference; lastKnownFileType = folder.assetcatalog; path = Assets.xcassets; sourceTree = "<group>"; };
		DCCE67292BBD8F630045C0F4 /* Base */ = {isa = PBXFileReference; lastKnownFileType = file.storyboard; name = Base; path = Base.lproj/LaunchScreen.storyboard; sourceTree = "<group>"; };
		DCCE672B2BBD8F630045C0F4 /* Info.plist */ = {isa = PBXFileReference; lastKnownFileType = text.plist.xml; path = Info.plist; sourceTree = "<group>"; };
		DCCE67342BBD8F9C0045C0F4 /* Story.swift */ = {isa = PBXFileReference; lastKnownFileType = sourcecode.swift; path = Story.swift; sourceTree = "<group>"; };
		DCCE67362BBD90D10045C0F4 /* StoryLibrary.swift */ = {isa = PBXFileReference; lastKnownFileType = sourcecode.swift; path = StoryLibrary.swift; sourceTree = "<group>"; };
/* End PBXFileReference section */

/* Begin PBXFrameworksBuildPhase section */
		DCCE67172BBD8F620045C0F4 /* Frameworks */ = {
			isa = PBXFrameworksBuildPhase;
			buildActionMask = 2147483647;
			files = (
			);
			runOnlyForDeploymentPostprocessing = 0;
		};
/* End PBXFrameworksBuildPhase section */

/* Begin PBXGroup section */
		DCCE67112BBD8F610045C0F4 = {
			isa = PBXGroup;
			children = (
				DCCE671C2BBD8F620045C0F4 /* Life Line */,
				DCCE671B2BBD8F620045C0F4 /* Products */,
			);
			sourceTree = "<group>";
		};
		DCCE671B2BBD8F620045C0F4 /* Products */ = {
			isa = PBXGroup;
			children = (
				DCCE671A2BBD8F620045C0F4 /* Life Line.app */,
			);
			name = Products;
			sourceTree = "<group>";
		};
		DCCE671C2BBD8F620045C0F4 /* Life Line */ = {
			isa = PBXGroup;
			children = (
				DCCE671D2BBD8F620045C0F4 /* AppDelegate.swift */,
				DCCE671F2BBD8F620045C0F4 /* SceneDelegate.swift */,
				DCCE67332BBD8F800045C0F4 /* Model */,
				DCCE67312BBD8F730045C0F4 /* View */,
				DCCE67322BBD8F790045C0F4 /* Controller */,
				DCCE67262BBD8F630045C0F4 /* Assets.xcassets */,
				DCCE67282BBD8F630045C0F4 /* LaunchScreen.storyboard */,
				DCCE672B2BBD8F630045C0F4 /* Info.plist */,
			);
			path = "Life Line";
			sourceTree = "<group>";
		};
		DCCE67312BBD8F730045C0F4 /* View */ = {
			isa = PBXGroup;
			children = (
				DCCE67232BBD8F620045C0F4 /* Main.storyboard */,
			);
			path = View;
			sourceTree = "<group>";
		};
		DCCE67322BBD8F790045C0F4 /* Controller */ = {
			isa = PBXGroup;
			children = (
				DCCE67212BBD8F620045C0F4 /* ViewController.swift */,
			);
			path = Controller;
			sourceTree = "<group>";
		};
		DCCE67332BBD8F800045C0F4 /* Model */ = {
			isa = PBXGroup;
			children = (
				DCCE67342BBD8F9C0045C0F4 /* Story.swift */,
				DCCE67362BBD90D10045C0F4 /* StoryLibrary.swift */,
			);
			path = Model;
			sourceTree = "<group>";
		};
/* End PBXGroup section */

/* Begin PBXNativeTarget section */
		DCCE67192BBD8F620045C0F4 /* Life Line */ = {
			isa = PBXNativeTarget;
			buildConfigurationList = DCCE672E2BBD8F630045C0F4 /* Build configuration list for PBXNativeTarget "Life Line" */;
			buildPhases = (
				DCCE67162BBD8F620045C0F4 /* Sources */,
				DCCE67172BBD8F620045C0F4 /* Frameworks */,
				DCCE67182BBD8F620045C0F4 /* Resources */,
			);
			buildRules = (
			);
			dependencies = (
			);
			name = "Life Line";
			productName = "Life Line";
			productReference = DCCE671A2BBD8F620045C0F4 /* Life Line.app */;
			productType = "com.apple.product-type.application";
		};
/* End PBXNativeTarget section */

/* Begin PBXProject section */
		DCCE67122BBD8F610045C0F4 /* Project object */ = {
			isa = PBXProject;
			attributes = {
				BuildIndependentTargetsInParallel = 1;
				LastSwiftUpdateCheck = 1500;
				LastUpgradeCheck = 1500;
				TargetAttributes = {
					DCCE67192BBD8F620045C0F4 = {
						CreatedOnToolsVersion = 15.0;
					};
				};
			};
			buildConfigurationList = DCCE67152BBD8F610045C0F4 /* Build configuration list for PBXProject "Life Line" */;
			compatibilityVersion = "Xcode 14.0";
			developmentRegion = en;
			hasScannedForEncodings = 0;
			knownRegions = (
				en,
				Base,
			);
			mainGroup = DCCE67112BBD8F610045C0F4;
			productRefGroup = DCCE671B2BBD8F620045C0F4 /* Products */;
			projectDirPath = "";
			projectRoot = "";
			targets = (
				DCCE67192BBD8F620045C0F4 /* Life Line */,
			);
		};
/* End PBXProject section */

/* Begin PBXResourcesBuildPhase section */
		DCCE67182BBD8F620045C0F4 /* Resources */ = {
			isa = PBXResourcesBuildPhase;
			buildActionMask = 2147483647;
			files = (
				DCCE672A2BBD8F630045C0F4 /* LaunchScreen.storyboard in Resources */,
				DCCE67272BBD8F630045C0F4 /* Assets.xcassets in Resources */,
				DCCE67252BBD8F620045C0F4 /* Main.storyboard in Resources */,
			);
			runOnlyForDeploymentPostprocessing = 0;
		};
/* End PBXResourcesBuildPhase section */

/* Begin PBXSourcesBuildPhase section */
		DCCE67162BBD8F620045C0F4 /* Sources */ = {
			isa = PBXSourcesBuildPhase;
			buildActionMask = 2147483647;
			files = (
				DCCE67222BBD8F620045C0F4 /* ViewController.swift in Sources */,
				DCCE671E2BBD8F620045C0F4 /* AppDelegate.swift in Sources */,
				DCCE67372BBD90D10045C0F4 /* StoryLibrary.swift in Sources */,
				DCCE67202BBD8F620045C0F4 /* SceneDelegate.swift in Sources */,
				DCCE67352BBD8F9C0045C0F4 /* Story.swift in Sources */,
			);
			runOnlyForDeploymentPostprocessing = 0;
		};
/* End PBXSourcesBuildPhase section */

/* Begin PBXVariantGroup section */
		DCCE67232BBD8F620045C0F4 /* Main.storyboard */ = {
			isa = PBXVariantGroup;
			children = (
				DCCE67242BBD8F620045C0F4 /* Base */,
			);
			name = Main.storyboard;
			sourceTree = "<group>";
		};
		DCCE67282BBD8F630045C0F4 /* LaunchScreen.storyboard */ = {
			isa = PBXVariantGroup;
			children = (
				DCCE67292BBD8F630045C0F4 /* Base */,
			);
			name = LaunchScreen.storyboard;
			sourceTree = "<group>";
		};
/* End PBXVariantGroup section */

/* Begin XCBuildConfiguration section */
		DCCE672C2BBD8F630045C0F4 /* Debug */ = {
			isa = XCBuildConfiguration;
			buildSettings = {
				ALWAYS_SEARCH_USER_PATHS = NO;
				ASSETCATALOG_COMPILER_GENERATE_SWIFT_ASSET_SYMBOL_EXTENSIONS = YES;
				CLANG_ANALYZER_NONNULL = YES;
				CLANG_ANALYZER_NUMBER_OBJECT_CONVERSION = YES_AGGRESSIVE;
				CLANG_CXX_LANGUAGE_STANDARD = "gnu++20";
				CLANG_ENABLE_MODULES = YES;
				CLANG_ENABLE_OBJC_ARC = YES;
				CLANG_ENABLE_OBJC_WEAK = YES;
				CLANG_WARN_BLOCK_CAPTURE_AUTORELEASING = YES;
				CLANG_WARN_BOOL_CONVERSION = YES;
				CLANG_WARN_COMMA = YES;
				CLANG_WARN_CONSTANT_CONVERSION = YES;
				CLANG_WARN_DEPRECATED_OBJC_IMPLEMENTATIONS = YES;
				CLANG_WARN_DIRECT_OBJC_ISA_USAGE = YES_ERROR;
				CLANG_WARN_DOCUMENTATION_COMMENTS = YES;
				CLANG_WARN_EMPTY_BODY = YES;
				CLANG_WARN_ENUM_CONVERSION = YES;
				CLANG_WARN_INFINITE_RECURSION = YES;
				CLANG_WARN_INT_CONVERSION = YES;
				CLANG_WARN_NON_LITERAL_NULL_CONVERSION = YES;
				CLANG_WARN_OBJC_IMPLICIT_RETAIN_SELF = YES;
				CLANG_WARN_OBJC_LITERAL_CONVERSION = YES;
				CLANG_WARN_OBJC_ROOT_CLASS = YES_ERROR;
				CLANG_WARN_QUOTED_INCLUDE_IN_FRAMEWORK_HEADER = YES;
				CLANG_WARN_RANGE_LOOP_ANALYSIS = YES;
				CLANG_WARN_STRICT_PROTOTYPES = YES;
				CLANG_WARN_SUSPICIOUS_MOVE = YES;
				CLANG_WARN_UNGUARDED_AVAILABILITY = YES_AGGRESSIVE;
				CLANG_WARN_UNREACHABLE_CODE = YES;
				CLANG_WARN__DUPLICATE_METHOD_MATCH = YES;
				COPY_PHASE_STRIP = NO;
				DEBUG_INFORMATION_FORMAT = dwarf;
				ENABLE_STRICT_OBJC_MSGSEND = YES;
				ENABLE_TESTABILITY = YES;
				ENABLE_USER_SCRIPT_SANDBOXING = YES;
				GCC_C_LANGUAGE_STANDARD = gnu17;
				GCC_DYNAMIC_NO_PIC = NO;
				GCC_NO_COMMON_BLOCKS = YES;
				GCC_OPTIMIZATION_LEVEL = 0;
				GCC_PREPROCESSOR_DEFINITIONS = (
					"DEBUG=1",
					"$(inherited)",
				);
				GCC_WARN_64_TO_32_BIT_CONVERSION = YES;
				GCC_WARN_ABOUT_RETURN_TYPE = YES_ERROR;
				GCC_WARN_UNDECLARED_SELECTOR = YES;
				GCC_WARN_UNINITIALIZED_AUTOS = YES_AGGRESSIVE;
				GCC_WARN_UNUSED_FUNCTION = YES;
				GCC_WARN_UNUSED_VARIABLE = YES;
				IPHONEOS_DEPLOYMENT_TARGET = 17.0;
				LOCALIZATION_PREFERS_STRING_CATALOGS = YES;
				MTL_ENABLE_DEBUG_INFO = INCLUDE_SOURCE;
				MTL_FAST_MATH = YES;
				ONLY_ACTIVE_ARCH = YES;
				SDKROOT = iphoneos;
				SWIFT_ACTIVE_COMPILATION_CONDITIONS = "DEBUG $(inherited)";
				SWIFT_OPTIMIZATION_LEVEL = "-Onone";
			};
			name = Debug;
		};
		DCCE672D2BBD8F630045C0F4 /* Release */ = {
			isa = XCBuildConfiguration;
			buildSettings = {
				ALWAYS_SEARCH_USER_PATHS = NO;
				ASSETCATALOG_COMPILER_GENERATE_SWIFT_ASSET_SYMBOL_EXTENSIONS = YES;
				CLANG_ANALYZER_NONNULL = YES;
				CLANG_ANALYZER_NUMBER_OBJECT_CONVERSION = YES_AGGRESSIVE;
				CLANG_CXX_LANGUAGE_STANDARD = "gnu++20";
				CLANG_ENABLE_MODULES = YES;
				CLANG_ENABLE_OBJC_ARC = YES;
				CLANG_ENABLE_OBJC_WEAK = YES;
				CLANG_WARN_BLOCK_CAPTURE_AUTORELEASING = YES;
				CLANG_WARN_BOOL_CONVERSION = YES;
				CLANG_WARN_COMMA = YES;
				CLANG_WARN_CONSTANT_CONVERSION = YES;
				CLANG_WARN_DEPRECATED_OBJC_IMPLEMENTATIONS = YES;
				CLANG_WARN_DIRECT_OBJC_ISA_USAGE = YES_ERROR;
				CLANG_WARN_DOCUMENTATION_COMMENTS = YES;
				CLANG_WARN_EMPTY_BODY = YES;
				CLANG_WARN_ENUM_CONVERSION = YES;
				CLANG_WARN_INFINITE_RECURSION = YES;
				CLANG_WARN_INT_CONVERSION = YES;
				CLANG_WARN_NON_LITERAL_NULL_CONVERSION = YES;
				CLANG_WARN_OBJC_IMPLICIT_RETAIN_SELF = YES;
				CLANG_WARN_OBJC_LITERAL_CONVERSION = YES;
				CLANG_WARN_OBJC_ROOT_CLASS = YES_ERROR;
				CLANG_WARN_QUOTED_INCLUDE_IN_FRAMEWORK_HEADER = YES;
				CLANG_WARN_RANGE_LOOP_ANALYSIS = YES;
				CLANG_WARN_STRICT_PROTOTYPES = YES;
				CLANG_WARN_SUSPICIOUS_MOVE = YES;
				CLANG_WARN_UNGUARDED_AVAILABILITY = YES_AGGRESSIVE;
				CLANG_WARN_UNREACHABLE_CODE = YES;
				CLANG_WARN__DUPLICATE_METHOD_MATCH = YES;
				COPY_PHASE_STRIP = NO;
				DEBUG_INFORMATION_FORMAT = "dwarf-with-dsym";
				ENABLE_NS_ASSERTIONS = NO;
				ENABLE_STRICT_OBJC_MSGSEND = YES;
				ENABLE_USER_SCRIPT_SANDBOXING = YES;
				GCC_C_LANGUAGE_STANDARD = gnu17;
				GCC_NO_COMMON_BLOCKS = YES;
				GCC_WARN_64_TO_32_BIT_CONVERSION = YES;
				GCC_WARN_ABOUT_RETURN_TYPE = YES_ERROR;
				GCC_WARN_UNDECLARED_SELECTOR = YES;
				GCC_WARN_UNINITIALIZED_AUTOS = YES_AGGRESSIVE;
				GCC_WARN_UNUSED_FUNCTION = YES;
				GCC_WARN_UNUSED_VARIABLE = YES;
				IPHONEOS_DEPLOYMENT_TARGET = 17.0;
				LOCALIZATION_PREFERS_STRING_CATALOGS = YES;
				MTL_ENABLE_DEBUG_INFO = NO;
				MTL_FAST_MATH = YES;
				SDKROOT = iphoneos;
				SWIFT_COMPILATION_MODE = wholemodule;
				VALIDATE_PRODUCT = YES;
			};
			name = Release;
		};
		DCCE672F2BBD8F630045C0F4 /* Debug */ = {
			isa = XCBuildConfiguration;
			buildSettings = {
				ASSETCATALOG_COMPILER_APPICON_NAME = AppIcon;
				ASSETCATALOG_COMPILER_GLOBAL_ACCENT_COLOR_NAME = AccentColor;
				CODE_SIGN_STYLE = Automatic;
				CURRENT_PROJECT_VERSION = 1;
				DEVELOPMENT_TEAM = 2T92S97VBM;
				GENERATE_INFOPLIST_FILE = YES;
				INFOPLIST_FILE = "Life Line/Info.plist";
				INFOPLIST_KEY_UIApplicationSupportsIndirectInputEvents = YES;
				INFOPLIST_KEY_UILaunchStoryboardName = LaunchScreen;
				INFOPLIST_KEY_UIMainStoryboardFile = Main;
				INFOPLIST_KEY_UISupportedInterfaceOrientations_iPad = "UIInterfaceOrientationPortrait UIInterfaceOrientationPortraitUpsideDown UIInterfaceOrientationLandscapeLeft UIInterfaceOrientationLandscapeRight";
				INFOPLIST_KEY_UISupportedInterfaceOrientations_iPhone = "UIInterfaceOrientationPortrait UIInterfaceOrientationLandscapeLeft UIInterfaceOrientationLandscapeRight";
				LD_RUNPATH_SEARCH_PATHS = (
					"$(inherited)",
					"@executable_path/Frameworks",
				);
				MARKETING_VERSION = 1.0;
				PRODUCT_BUNDLE_IDENTIFIER = "com.furkanceylan.Life-Line";
				PRODUCT_NAME = "$(TARGET_NAME)";
				SWIFT_EMIT_LOC_STRINGS = YES;
				SWIFT_VERSION = 5.0;
				TARGETED_DEVICE_FAMILY = "1,2";
			};
			name = Debug;
		};
		DCCE67302BBD8F630045C0F4 /* Release */ = {
			isa = XCBuildConfiguration;
			buildSettings = {
				ASSETCATALOG_COMPILER_APPICON_NAME = AppIcon;
				ASSETCATALOG_COMPILER_GLOBAL_ACCENT_COLOR_NAME = AccentColor;
				CODE_SIGN_STYLE = Automatic;
				CURRENT_PROJECT_VERSION = 1;
				DEVELOPMENT_TEAM = 2T92S97VBM;
				GENERATE_INFOPLIST_FILE = YES;
				INFOPLIST_FILE = "Life Line/Info.plist";
				INFOPLIST_KEY_UIApplicationSupportsIndirectInputEvents = YES;
				INFOPLIST_KEY_UILaunchStoryboardName = LaunchScreen;
				INFOPLIST_KEY_UIMainStoryboardFile = Main;
				INFOPLIST_KEY_UISupportedInterfaceOrientations_iPad = "UIInterfaceOrientationPortrait UIInterfaceOrientationPortraitUpsideDown UIInterfaceOrientationLandscapeLeft UIInterfaceOrientationLandscapeRight";
				INFOPLIST_KEY_UISupportedInterfaceOrientations_iPhone = "UIInterfaceOrientationPortrait UIInterfaceOrientationLandscapeLeft UIInterfaceOrientationLandscapeRight";
				LD_RUNPATH_SEARCH_PATHS = (
					"$(inherited)",
					"@executable_path/Frameworks",
				);
				MARKETING_VERSION = 1.0;
				PRODUCT_BUNDLE_IDENTIFIER = "com.furkanceylan.Life-Line";
				PRODUCT_NAME = "$(TARGET_NAME)";
				SWIFT_EMIT_LOC_STRINGS = YES;
				SWIFT_VERSION = 5.0;
				TARGETED_DEVICE_FAMILY = "1,2";
			};
			name = Release;
		};
/* End XCBuildConfiguration section */

/* Begin XCConfigurationList section */
		DCCE67152BBD8F610045C0F4 /* Build configuration list for PBXProject "Life Line" */ = {
			isa = XCConfigurationList;
			buildConfigurations = (
				DCCE672C2BBD8F630045C0F4 /* Debug */,
				DCCE672D2BBD8F630045C0F4 /* Release */,
			);
			defaultConfigurationIsVisible = 0;
			defaultConfigurationName = Release;
		};
		DCCE672E2BBD8F630045C0F4 /* Build configuration list for PBXNativeTarget "Life Line" */ = {
			isa = XCConfigurationList;
			buildConfigurations = (
				DCCE672F2BBD8F630045C0F4 /* Debug */,
				DCCE67302BBD8F630045C0F4 /* Release */,
			);
			defaultConfigurationIsVisible = 0;
			defaultConfigurationName = Release;
		};
/* End XCConfigurationList section */
	};
	rootObject = DCCE67122BBD8F610045C0F4 /* Project object */;
}
